{
  "version": "4",
  "specifiers": {
    "jsr:@openai/openai@^4.102.0": "4.102.0",
    "jsr:@std/assert@1": "1.0.13",
    "jsr:@std/fmt@^1.0.5": "1.0.8",
    "jsr:@std/fs@^1.0.11": "1.0.18",
    "jsr:@std/internal@^1.0.6": "1.0.8",
    "jsr:@std/io@~0.225.2": "0.225.2",
    "jsr:@std/log@~0.224.14": "0.224.14",
    "jsr:@std/yaml@^1.0.8": "1.0.8",
    "npm:@types/react@*": "19.1.7",
    "npm:ink@6": "6.0.0_react@19.1.0",
    "npm:react@^19.1.0": "19.1.0",
    "npm:zod@3": "3.25.61"
  },
  "jsr": {
    "@openai/openai@4.102.0": {
      "integrity": "ea5201bc5c8a696d3a5139a9cd2252e3ab9b2b880769a9cd7f05602ea1a02acf",
      "dependencies": [
        "npm:zod"
      ]
    },
    "@std/assert@1.0.13": {
      "integrity": "ae0d31e41919b12c656c742b22522c32fb26ed0cba32975cb0de2a273cb68b29",
      "dependencies": [
        "jsr:@std/internal"
      ]
    },
    "@std/fmt@1.0.8": {
      "integrity": "71e1fc498787e4434d213647a6e43e794af4fd393ef8f52062246e06f7e372b7"
    },
    "@std/fs@1.0.18": {
      "integrity": "24bcad99eab1af4fde75e05da6e9ed0e0dce5edb71b7e34baacf86ffe3969f3a"
    },
    "@std/internal@1.0.8": {
      "integrity": "fc66e846d8d38a47cffd274d80d2ca3f0de71040f855783724bb6b87f60891f5"
    },
    "@std/io@0.225.2": {
      "integrity": "3c740cd4ee4c082e6cfc86458f47e2ab7cb353dc6234d5e9b1f91a2de5f4d6c7"
    },
    "@std/log@0.224.14": {
      "integrity": "257f7adceee3b53bb2bc86c7242e7d1bc59729e57d4981c4a7e5b876c808f05e",
      "dependencies": [
        "jsr:@std/fmt",
        "jsr:@std/fs",
        "jsr:@std/io"
      ]
    },
    "@std/yaml@1.0.8": {
      "integrity": "90b8aab62995e929fa0ea5f4151c287275b63e321ac375c35ff7406ca60c169d"
    }
  },
  "npm": {
    "@alcalzone/ansi-tokenize@0.1.3": {
      "integrity": "sha512-3yWxPTq3UQ/FY9p1ErPxIyfT64elWaMvM9lIHnaqpyft63tkxodF5aUElYHrdisWve5cETkh1+KBw1yJuW0aRw==",
      "dependencies": [
        "ansi-styles",
        "is-fullwidth-code-point@4.0.0"
      ]
    },
    "@types/react@19.1.7": {
      "integrity": "sha512-BnsPLV43ddr05N71gaGzyZ5hzkCmGwhMvYc8zmvI8Ci1bRkkDSzDDVfAXfN2tk748OwI7ediiPX6PfT9p0QGVg==",
      "dependencies": [
        "csstype"
      ]
    },
    "ansi-escapes@7.0.0": {
      "integrity": "sha512-GdYO7a61mR0fOlAsvC9/rIHf7L96sBc6dEWzeOu+KAea5bZyQRPIpojrVoI4AXGJS/ycu/fBTdLrUkA4ODrvjw==",
      "dependencies": [
        "environment"
      ]
    },
    "ansi-regex@6.1.0": {
      "integrity": "sha512-7HSX4QQb4CspciLpVFwyRe79O3xsIZDDLER21kERQ71oaPodF8jL725AgJMFAYbooIqolJoRLuM81SpeUkpkvA=="
    },
    "ansi-styles@6.2.1": {
      "integrity": "sha512-bN798gFfQX+viw3R7yrGWRqnrN2oRkEkUjjl4JNn4E8GxxbjtG3FbrEIIY3l8/hrwUwIeCZvi4QuOTP4MErVug=="
    },
    "auto-bind@5.0.1": {
      "integrity": "sha512-ooviqdwwgfIfNmDwo94wlshcdzfO64XV0Cg6oDsDYBJfITDz1EngD2z7DkbvCWn+XIMsIqW27sEVF6qcpJrRcg=="
    },
    "chalk@5.4.1": {
      "integrity": "sha512-zgVZuo2WcZgfUEmsn6eO3kINexW8RAE4maiQ8QNs8CtpPCSyMiYsULR3HQYkm3w8FIA3SberyMJMSldGsW+U3w=="
    },
    "cli-boxes@3.0.0": {
      "integrity": "sha512-/lzGpEWL/8PfI0BmBOPRwp0c/wFNX1RdUML3jK/RcSBA9T8mZDdQpqYBKtCFTOfQbwPqWEOpjqW+Fnayc0969g=="
    },
    "cli-cursor@4.0.0": {
      "integrity": "sha512-VGtlMu3x/4DOtIUwEkRezxUZ2lBacNJCHash0N0WeZDBS+7Ux1dm3XWAgWYxLJFMMdOeXMHXorshEFhbMSGelg==",
      "dependencies": [
        "restore-cursor"
      ]
    },
    "cli-truncate@4.0.0": {
      "integrity": "sha512-nPdaFdQ0h/GEigbPClz11D0v/ZJEwxmeVZGeMo3Z5StPtUTkA9o1lD6QwoirYiSDzbcwn2XcjwmCp68W1IS4TA==",
      "dependencies": [
        "slice-ansi@5.0.0",
        "string-width"
      ]
    },
    "code-excerpt@4.0.0": {
      "integrity": "sha512-xxodCmBen3iy2i0WtAK8FlFNrRzjUqjRsMfho58xT/wvZU1YTM3fCnRjcy1gJPMepaRlgm/0e6w8SpWHpn3/cA==",
      "dependencies": [
        "convert-to-spaces"
      ]
    },
    "convert-to-spaces@2.0.1": {
      "integrity": "sha512-rcQ1bsQO9799wq24uE5AM2tAILy4gXGIK/njFWcVQkGNZ96edlpY+A7bjwvzjYvLDyzmG1MmMLZhpcsb+klNMQ=="
    },
    "csstype@3.1.3": {
      "integrity": "sha512-M1uQkMl8rQK/szD0LNhtqxIPLpimGm8sOBwU7lLnCpSbTyY3yeU1Vc7l4KT5zT4s/yOxHH5O7tIuuLOCnLADRw=="
    },
    "emoji-regex@10.4.0": {
      "integrity": "sha512-EC+0oUMY1Rqm4O6LLrgjtYDvcVYTy7chDnM4Q7030tP4Kwj3u/pR6gP9ygnp2CJMK5Gq+9Q2oqmrFJAz01DXjw=="
    },
    "environment@1.1.0": {
      "integrity": "sha512-xUtoPkMggbz0MPyPiIWr1Kp4aeWJjDZ6SMvURhimjdZgsRuDplF5/s9hcgGhyXMhs+6vpnuoiZ2kFiu3FMnS8Q=="
    },
    "es-toolkit@1.39.3": {
      "integrity": "sha512-Qb/TCFCldgOy8lZ5uC7nLGdqJwSabkQiYQShmw4jyiPk1pZzaYWTwaYKYP7EgLccWYgZocMrtItrwh683voaww=="
    },
    "escape-string-regexp@2.0.0": {
      "integrity": "sha512-UpzcLCXolUWcNu5HtVMHYdXJjArjsF9C0aNnquZYY4uW/Vu0miy5YoWvbV345HauVvcAUnpRuhMMcqTcGOY2+w=="
    },
    "get-east-asian-width@1.3.0": {
      "integrity": "sha512-vpeMIQKxczTD/0s2CdEWHcb0eeJe6TFjxb+J5xgX7hScxqrGuyjmv4c1D4A/gelKfyox0gJJwIHF+fLjeaM8kQ=="
    },
    "indent-string@5.0.0": {
      "integrity": "sha512-m6FAo/spmsW2Ab2fU35JTYwtOKa2yAwXSwgjSv1TJzh4Mh7mC3lzAOVLBprb72XsTrgkEIsl7YrFNAiDiRhIGg=="
    },
    "ink@6.0.0_react@19.1.0": {
      "integrity": "sha512-pPq3TidljXrDXJxVAOtTCw54lwNfiITOR9PVpXj92MSVEAX+k+/h9QYZtV712be9a3/8U5n/TphSMHY8rAmcDA==",
      "dependencies": [
        "@alcalzone/ansi-tokenize",
        "ansi-escapes",
        "ansi-styles",
        "auto-bind",
        "chalk",
        "cli-boxes",
        "cli-cursor",
        "cli-truncate",
        "code-excerpt",
        "es-toolkit",
        "indent-string",
        "is-in-ci",
        "patch-console",
        "react",
        "react-reconciler",
        "scheduler@0.23.2",
        "signal-exit",
        "slice-ansi@7.1.0",
        "stack-utils",
        "string-width",
        "type-fest",
        "widest-line",
        "wrap-ansi",
        "ws",
        "yoga-layout"
      ]
    },
    "is-fullwidth-code-point@4.0.0": {
      "integrity": "sha512-O4L094N2/dZ7xqVdrXhh9r1KODPJpFms8B5sGdJLPy664AgvXsreZUyCQQNItZRDlYug4xStLjNp/sz3HvBowQ=="
    },
    "is-fullwidth-code-point@5.0.0": {
      "integrity": "sha512-OVa3u9kkBbw7b8Xw5F9P+D/T9X+Z4+JruYVNapTjPYZYUznQ5YfWeFkOj606XYYW8yugTfC8Pj0hYqvi4ryAhA==",
      "dependencies": [
        "get-east-asian-width"
      ]
    },
    "is-in-ci@1.0.0": {
      "integrity": "sha512-eUuAjybVTHMYWm/U+vBO1sY/JOCgoPCXRxzdju0K+K0BiGW0SChEL1MLC0PoCIR1OlPo5YAp8HuQoUlsWEICwg=="
    },
    "js-tokens@4.0.0": {
      "integrity": "sha512-RdJUflcE3cUzKiMqQgsCu06FPu9UdIJO0beYbPhHN4k6apgJtifcoCtT9bcxOpYBtpD2kCM6Sbzg4CausW/PKQ=="
    },
    "loose-envify@1.4.0": {
      "integrity": "sha512-lyuxPGr/Wfhrlem2CL/UcnUc1zcqKAImBDzukY7Y5F/yQiNdko6+fRLevlw1HgMySw7f611UIY408EtxRSoK3Q==",
      "dependencies": [
        "js-tokens"
      ]
    },
    "mimic-fn@2.1.0": {
      "integrity": "sha512-OqbOk5oEQeAZ8WXWydlu9HJjz9WVdEIvamMCcXmuqUYjTknH/sqsWvhQ3vgwKFRR1HpjvNBKQ37nbJgYzGqGcg=="
    },
    "onetime@5.1.2": {
      "integrity": "sha512-kbpaSSGJTWdAY5KPVeMOKXSrPtr8C8C7wodJbcsd51jRnmD+GZu8Y0VoU6Dm5Z4vWr0Ig/1NKuWRKf7j5aaYSg==",
      "dependencies": [
        "mimic-fn"
      ]
    },
    "patch-console@2.0.0": {
      "integrity": "sha512-0YNdUceMdaQwoKce1gatDScmMo5pu/tfABfnzEqeG0gtTmd7mh/WcwgUjtAeOU7N8nFFlbQBnFK2gXW5fGvmMA=="
    },
    "react-reconciler@0.32.0_react@19.1.0": {
      "integrity": "sha512-2NPMOzgTlG0ZWdIf3qG+dcbLSoAc/uLfOwckc3ofy5sSK0pLJqnQLpUFxvGcN2rlXSjnVtGeeFLNimCQEj5gOQ==",
      "dependencies": [
        "react",
        "scheduler@0.26.0"
      ]
    },
    "react@19.1.0": {
      "integrity": "sha512-FS+XFBNvn3GTAWq26joslQgWNoFu08F4kl0J4CgdNKADkdSGXQyTCnKteIAJy96Br6YbpEU1LSzV5dYtjMkMDg=="
    },
    "restore-cursor@4.0.0": {
      "integrity": "sha512-I9fPXU9geO9bHOt9pHHOhOkYerIMsmVaWB0rA2AI9ERh/+x/i7MV5HKBNrg+ljO5eoPVgCcnFuRjJ9uH6I/3eg==",
      "dependencies": [
        "onetime",
        "signal-exit"
      ]
    },
    "scheduler@0.23.2": {
      "integrity": "sha512-UOShsPwz7NrMUqhR6t0hWjFduvOzbtv7toDH1/hIrfRNIDBnnBWd0CwJTGvTpngVlmwGCdP9/Zl/tVrDqcuYzQ==",
      "dependencies": [
        "loose-envify"
      ]
    },
    "scheduler@0.26.0": {
      "integrity": "sha512-NlHwttCI/l5gCPR3D1nNXtWABUmBwvZpEQiD4IXSbIDq8BzLIK/7Ir5gTFSGZDUu37K5cMNp0hFtzO38sC7gWA=="
    },
    "signal-exit@3.0.7": {
      "integrity": "sha512-wnD2ZE+l+SPC/uoS0vXeE9L1+0wuaMqKlfz9AMUo38JsyLSBWSFcHR1Rri62LZc12vLr1gb3jl7iwQhgwpAbGQ=="
    },
    "slice-ansi@5.0.0": {
      "integrity": "sha512-FC+lgizVPfie0kkhqUScwRu1O/lF6NOgJmlCgK+/LYxDCTk8sGelYaHDhFcDN+Sn3Cv+3VSa4Byeo+IMCzpMgQ==",
      "dependencies": [
        "ansi-styles",
        "is-fullwidth-code-point@4.0.0"
      ]
    },
    "slice-ansi@7.1.0": {
      "integrity": "sha512-bSiSngZ/jWeX93BqeIAbImyTbEihizcwNjFoRUIY/T1wWQsfsm2Vw1agPKylXvQTU7iASGdHhyqRlqQzfz+Htg==",
      "dependencies": [
        "ansi-styles",
        "is-fullwidth-code-point@5.0.0"
      ]
    },
    "stack-utils@2.0.6": {
      "integrity": "sha512-XlkWvfIm6RmsWtNJx+uqtKLS8eqFbxUg0ZzLXqY0caEy9l7hruX8IpiDnjsLavoBgqCCR71TqWO8MaXYheJ3RQ==",
      "dependencies": [
        "escape-string-regexp"
      ]
    },
    "string-width@7.2.0": {
      "integrity": "sha512-tsaTIkKW9b4N+AEj+SVA+WhJzV7/zMhcSu78mLKWSk7cXMOSHsBKFWUs0fWwq8QyK3MgJBQRX6Gbi4kYbdvGkQ==",
      "dependencies": [
        "emoji-regex",
        "get-east-asian-width",
        "strip-ansi"
      ]
    },
    "strip-ansi@7.1.0": {
      "integrity": "sha512-iq6eVVI64nQQTRYq2KtEg2d2uU7LElhTJwsH4YzIHZshxlgZms/wIc4VoDQTlG/IvVIrBKG06CrZnp0qv7hkcQ==",
      "dependencies": [
        "ansi-regex"
      ]
    },
    "type-fest@4.41.0": {
      "integrity": "sha512-TeTSQ6H5YHvpqVwBRcnLDCBnDOHWYu7IvGbHT6N8AOymcr9PJGjc1GTtiWZTYg0NCgYwvnYWEkVChQAr9bjfwA=="
    },
    "widest-line@5.0.0": {
      "integrity": "sha512-c9bZp7b5YtRj2wOe6dlj32MK+Bx/M/d+9VB2SHM1OtsUHR0aV0tdP6DWh/iMt0kWi1t5g1Iudu6hQRNd1A4PVA==",
      "dependencies": [
        "string-width"
      ]
    },
    "wrap-ansi@9.0.0": {
      "integrity": "sha512-G8ura3S+3Z2G+mkgNRq8dqaFZAuxfsxpBB8OCTGRTCtp+l/v9nbFNmCUP1BZMts3G1142MsZfn6eeUKrr4PD1Q==",
      "dependencies": [
        "ansi-styles",
        "string-width",
        "strip-ansi"
      ]
    },
    "ws@8.18.2": {
      "integrity": "sha512-DMricUmwGZUVr++AEAe2uiVM7UoO9MAVZMDu05UQOaUII0lp+zOzLLU4Xqh/JvTqklB1T4uELaaPBKyjE1r4fQ=="
    },
    "yoga-layout@3.2.1": {
      "integrity": "sha512-0LPOt3AxKqMdFBZA3HBAt/t/8vIKq7VaQYbuA8WxCgung+p9TVyKRYdpvCb80HcdTN2NkbIKbhNwKUfm3tQywQ=="
    },
    "zod@3.25.61": {
      "integrity": "sha512-fzfJgUw78LTNnHujj9re1Ov/JJQkRZZGDMcYqSx7Hp4rPOkKywaFHq0S6GoHeXs0wGNE/sIOutkXgnwzrVOGCQ=="
    }
  },
  "remote": {
    "https://deno.land/x/crayon@3.3.3/mod.ts": "82ad225583a483c4837577971629cddaa22614093af8353da6426b9366de9780",
    "https://deno.land/x/crayon@3.3.3/src/conversions.ts": "9bfd3b1fbe412bcba092890ac558b6beaad4c3aa399cd99d45fadb324d28afd6",
    "https://deno.land/x/crayon@3.3.3/src/crayon.ts": "6b237baa08a31c903436e040afd2228a7fffaa5d11dddc58e3c402f79b3c1d04",
    "https://deno.land/x/crayon@3.3.3/src/styles.ts": "aa588b57b2c0482dc5c6f53109b4287831a9827c0aeef9a88129beae1172c1ee",
    "https://deno.land/x/crayon@3.3.3/src/util.ts": "af8884a917488de76ac0c2b92482093ade74514ece77a4c64e5eb5b0f6ed68e6"
  },
  "workspace": {
    "dependencies": [
      "jsr:@openai/openai@^4.102.0",
      "jsr:@std/assert@1",
      "jsr:@std/log@~0.224.14",
      "jsr:@std/yaml@^1.0.8",
      "npm:@types/react@*",
      "npm:ink@6",
      "npm:react@^19.1.0"
    ]
  }
}
